// !$*UTF8*$!
{
	archiveVersion = 1;
	classes = {
	};
	objectVersion = 46;
	objects = {

/* Begin PBXBuildFile section */
		5E480F4E21B26E280016DEF6 /* PhotoCentricTableViewCell.swift in Sources */ = {isa = PBXBuildFile; fileRef = 5E480F4D21B26E280016DEF6 /* PhotoCentricTableViewCell.swift */; };
		5E480F5021B273280016DEF6 /* PhotoCentricCollectionViewCell.swift in Sources */ = {isa = PBXBuildFile; fileRef = 5E480F4F21B273280016DEF6 /* PhotoCentricCollectionViewCell.swift */; };
		5E5108CA21AA9ABA00C98B75 /* HomeBase.swift in Sources */ = {isa = PBXBuildFile; fileRef = 5E5108C521AA9ABA00C98B75 /* HomeBase.swift */; };
		5E5108CB21AA9ABA00C98B75 /* Items.swift in Sources */ = {isa = PBXBuildFile; fileRef = 5E5108C621AA9ABA00C98B75 /* Items.swift */; };
		5E5108CC21AA9ABA00C98B75 /* Section.swift in Sources */ = {isa = PBXBuildFile; fileRef = 5E5108C721AA9ABA00C98B75 /* Section.swift */; };
		5E5108CD21AA9ABA00C98B75 /* Modules.swift in Sources */ = {isa = PBXBuildFile; fileRef = 5E5108C821AA9ABA00C98B75 /* Modules.swift */; };
		5E5108CE21AA9ABA00C98B75 /* Metadata.swift in Sources */ = {isa = PBXBuildFile; fileRef = 5E5108C921AA9ABA00C98B75 /* Metadata.swift */; };
		5E5108D021AA9E1300C98B75 /* NewsLeadCellTableViewCell.swift in Sources */ = {isa = PBXBuildFile; fileRef = 5E5108CF21AA9E1300C98B75 /* NewsLeadCellTableViewCell.swift */; };
		5E6AA27221BC2508007C9A58 /* news.png in Resources */ = {isa = PBXBuildFile; fileRef = 5E6AA27121BC2508007C9A58 /* news.png */; };
		5E6AA27421BC2510007C9A58 /* events.png in Resources */ = {isa = PBXBuildFile; fileRef = 5E6AA27321BC2510007C9A58 /* events.png */; };
		5E6AA27621BC2519007C9A58 /* diary.png in Resources */ = {isa = PBXBuildFile; fileRef = 5E6AA27521BC2519007C9A58 /* diary.png */; };
		5E6AA27821BC2520007C9A58 /* map.png in Resources */ = {isa = PBXBuildFile; fileRef = 5E6AA27721BC251F007C9A58 /* map.png */; };
		5E6AA27A21BC2C39007C9A58 /* AppIconCollectionViewCell.swift in Sources */ = {isa = PBXBuildFile; fileRef = 5E6AA27921BC2C39007C9A58 /* AppIconCollectionViewCell.swift */; };
		5E6AA27C21BC3C58007C9A58 /* DontForget.png in Resources */ = {isa = PBXBuildFile; fileRef = 5E6AA27B21BC3C58007C9A58 /* DontForget.png */; };
		5E6BF88221BD2318007583DD /* PaddingLabel.swift in Sources */ = {isa = PBXBuildFile; fileRef = 5E6BF88121BD2318007583DD /* PaddingLabel.swift */; };
		5E7D87E621C7EE2000789FB0 /* News_Sample.json in Resources */ = {isa = PBXBuildFile; fileRef = 5E7D87E521C7EE2000789FB0 /* News_Sample.json */; };
		5E7D87E921C7F49700789FB0 /* UnitTestControllers.swift in Sources */ = {isa = PBXBuildFile; fileRef = 5E7D87E721C7F49700789FB0 /* UnitTestControllers.swift */; };
		5E7D87EA21C7F49700789FB0 /* UnitTestNewsViewController.swift in Sources */ = {isa = PBXBuildFile; fileRef = 5E7D87E821C7F49700789FB0 /* UnitTestNewsViewController.swift */; };
		5E7D87F221C805AF00789FB0 /* SlideOutAnimationUITests.swift in Sources */ = {isa = PBXBuildFile; fileRef = 5E7D87F121C805AF00789FB0 /* SlideOutAnimationUITests.swift */; };
		5EA61F4B21C65103009F609E /* BannerAdService.swift in Sources */ = {isa = PBXBuildFile; fileRef = 5EA61F4A21C65103009F609E /* BannerAdService.swift */; };
		5EA61F4D21C6971D009F609E /* EmailReminderViewController.swift in Sources */ = {isa = PBXBuildFile; fileRef = 5EA61F4C21C6971D009F609E /* EmailReminderViewController.swift */; };
		5EE2D96C21AA75BA0012EFC4 /* ApiService.swift in Sources */ = {isa = PBXBuildFile; fileRef = 5EE2D96B21AA75BA0012EFC4 /* ApiService.swift */; };
		5EE2D96E21AA7BF20012EFC4 /* NewsViewController.swift in Sources */ = {isa = PBXBuildFile; fileRef = 5EE2D96D21AA7BF20012EFC4 /* NewsViewController.swift */; };
		A72BB1911F53F47300E674F4 /* AppIconsViewController.swift in Sources */ = {isa = PBXBuildFile; fileRef = A72BB1901F53F47300E674F4 /* AppIconsViewController.swift */; };
		A75AD0391F5EA158008B1237 /* AddToDiaryViewController.swift in Sources */ = {isa = PBXBuildFile; fileRef = A75AD0381F5EA158008B1237 /* AddToDiaryViewController.swift */; };
		A75E02431F34953500FB1872 /* AppDelegate.swift in Sources */ = {isa = PBXBuildFile; fileRef = A75E02421F34953500FB1872 /* AppDelegate.swift */; };
		A75E02451F34953500FB1872 /* ViewController.swift in Sources */ = {isa = PBXBuildFile; fileRef = A75E02441F34953500FB1872 /* ViewController.swift */; };
		A75E02481F34953500FB1872 /* Main.storyboard in Resources */ = {isa = PBXBuildFile; fileRef = A75E02461F34953500FB1872 /* Main.storyboard */; };
		A75E024B1F34953500FB1872 /* SlideOutAnimation.xcdatamodeld in Sources */ = {isa = PBXBuildFile; fileRef = A75E02491F34953500FB1872 /* SlideOutAnimation.xcdatamodeld */; };
		A75E024D1F34953500FB1872 /* Assets.xcassets in Resources */ = {isa = PBXBuildFile; fileRef = A75E024C1F34953500FB1872 /* Assets.xcassets */; };
		A75E02501F34953500FB1872 /* LaunchScreen.storyboard in Resources */ = {isa = PBXBuildFile; fileRef = A75E024E1F34953500FB1872 /* LaunchScreen.storyboard */; };
		A75E02581F349BD800FB1872 /* MenuViewController.swift in Sources */ = {isa = PBXBuildFile; fileRef = A75E02571F349BD800FB1872 /* MenuViewController.swift */; };
		A75E025A1F349CC400FB1872 /* PresentViewController.swift in Sources */ = {isa = PBXBuildFile; fileRef = A75E02591F349CC400FB1872 /* PresentViewController.swift */; };
		A7657C0A1F3EFE7D00A6EF96 /* reminder.png in Resources */ = {isa = PBXBuildFile; fileRef = A7657C091F3EFE7D00A6EF96 /* reminder.png */; };
		A7657C121F3F245B00A6EF96 /* NotificationCenter.framework in Frameworks */ = {isa = PBXBuildFile; fileRef = A7657C111F3F245B00A6EF96 /* NotificationCenter.framework */; };
		A7657C151F3F245B00A6EF96 /* TodayViewController.swift in Sources */ = {isa = PBXBuildFile; fileRef = A7657C141F3F245B00A6EF96 /* TodayViewController.swift */; };
		A7657C181F3F245B00A6EF96 /* MainInterface.storyboard in Resources */ = {isa = PBXBuildFile; fileRef = A7657C161F3F245B00A6EF96 /* MainInterface.storyboard */; };
		A7657C1C1F3F245B00A6EF96 /* StickyNotes.appex in Embed App Extensions */ = {isa = PBXBuildFile; fileRef = A7657C0F1F3F245B00A6EF96 /* StickyNotes.appex */; settings = {ATTRIBUTES = (RemoveHeadersOnCopy, ); }; };
		A7657C231F3F29AF00A6EF96 /* StickyNotesViewController.swift in Sources */ = {isa = PBXBuildFile; fileRef = A7657C221F3F29AF00A6EF96 /* StickyNotesViewController.swift */; };
		A7657C241F3F29E900A6EF96 /* StickyNotesViewController.swift in Sources */ = {isa = PBXBuildFile; fileRef = A7657C221F3F29AF00A6EF96 /* StickyNotesViewController.swift */; };
		A7657C251F3F2C3600A6EF96 /* Assets.xcassets in Resources */ = {isa = PBXBuildFile; fileRef = A75E024C1F34953500FB1872 /* Assets.xcassets */; };
		A770C8E81F3C1D5200C2BE84 /* AddEventsViewController.swift in Sources */ = {isa = PBXBuildFile; fileRef = A770C8E71F3C1D5200C2BE84 /* AddEventsViewController.swift */; };
		A770C8EA1F3C1DAC00C2BE84 /* CustomNavigationController.swift in Sources */ = {isa = PBXBuildFile; fileRef = A770C8E91F3C1DAC00C2BE84 /* CustomNavigationController.swift */; };
		A770C8EC1F3C1DCC00C2BE84 /* CustomPresentAnimationController.swift in Sources */ = {isa = PBXBuildFile; fileRef = A770C8EB1F3C1DCC00C2BE84 /* CustomPresentAnimationController.swift */; };
		A770C8EE1F3C1DFD00C2BE84 /* CustomInteractionController.swift in Sources */ = {isa = PBXBuildFile; fileRef = A770C8ED1F3C1DFD00C2BE84 /* CustomInteractionController.swift */; };
		A773F8061F398500005A9437 /* DismissViewController.swift in Sources */ = {isa = PBXBuildFile; fileRef = A773F8051F398500005A9437 /* DismissViewController.swift */; };
		A773F80A1F39C184005A9437 /* CustomLayout.swift in Sources */ = {isa = PBXBuildFile; fileRef = A773F8091F39C184005A9437 /* CustomLayout.swift */; };
		A773F80C1F39CB4D005A9437 /* LeadCellTableViewCell.swift in Sources */ = {isa = PBXBuildFile; fileRef = A773F80B1F39CB4D005A9437 /* LeadCellTableViewCell.swift */; };
		A773F80E1F39D8B9005A9437 /* DayEventsViewController.swift in Sources */ = {isa = PBXBuildFile; fileRef = A773F80D1F39D8B9005A9437 /* DayEventsViewController.swift */; };
		A77C240B1F5A6C66006F0F2A /* DiaryViewController.swift in Sources */ = {isa = PBXBuildFile; fileRef = A77C240A1F5A6C66006F0F2A /* DiaryViewController.swift */; };
		A77C240D1F5A6D0F006F0F2A /* DiaryImageCellTableViewCell.swift in Sources */ = {isa = PBXBuildFile; fileRef = A77C240C1F5A6D0F006F0F2A /* DiaryImageCellTableViewCell.swift */; };
		A77C24131F5AB67C006F0F2A /* PageViewController.swift in Sources */ = {isa = PBXBuildFile; fileRef = A77C24121F5AB67C006F0F2A /* PageViewController.swift */; };
		A77C24151F5ACD92006F0F2A /* DiaryContentCell.swift in Sources */ = {isa = PBXBuildFile; fileRef = A77C24141F5ACD92006F0F2A /* DiaryContentCell.swift */; };
		A7F0E2D41F9226AA00E0A7EC /* SearchPlacesViewController.swift in Sources */ = {isa = PBXBuildFile; fileRef = A7F0E2D31F92252700E0A7EC /* SearchPlacesViewController.swift */; };
		BDBEA17AF4344E06B9E70418 /* Pods_SlideOutAnimation.framework in Frameworks */ = {isa = PBXBuildFile; fileRef = CA9AF2C41D89B85A74BD3C78 /* Pods_SlideOutAnimation.framework */; };
		DB86884C47ABA033CE587785 /* Pods_StickyNotes.framework in Frameworks */ = {isa = PBXBuildFile; fileRef = 4AA3113F54BEEE9C8BBE1750 /* Pods_StickyNotes.framework */; };
/* End PBXBuildFile section */

/* Begin PBXContainerItemProxy section */
		5E7D87DB21C7E04000789FB0 /* PBXContainerItemProxy */ = {
			isa = PBXContainerItemProxy;
			containerPortal = A75E02371F34953400FB1872 /* Project object */;
			proxyType = 1;
			remoteGlobalIDString = A75E023E1F34953400FB1872;
			remoteInfo = SlideOutAnimation;
		};
		5E7D87F421C805AF00789FB0 /* PBXContainerItemProxy */ = {
			isa = PBXContainerItemProxy;
			containerPortal = A75E02371F34953400FB1872 /* Project object */;
			proxyType = 1;
			remoteGlobalIDString = A75E023E1F34953400FB1872;
			remoteInfo = SlideOutAnimation;
		};
		A7657C1A1F3F245B00A6EF96 /* PBXContainerItemProxy */ = {
			isa = PBXContainerItemProxy;
			containerPortal = A75E02371F34953400FB1872 /* Project object */;
			proxyType = 1;
			remoteGlobalIDString = A7657C0E1F3F245B00A6EF96;
			remoteInfo = StickyNotes;
		};
/* End PBXContainerItemProxy section */

/* Begin PBXCopyFilesBuildPhase section */
		A7657C201F3F245B00A6EF96 /* Embed App Extensions */ = {
			isa = PBXCopyFilesBuildPhase;
			buildActionMask = 2147483647;
			dstPath = "";
			dstSubfolderSpec = 13;
			files = (
				A7657C1C1F3F245B00A6EF96 /* StickyNotes.appex in Embed App Extensions */,
			);
			name = "Embed App Extensions";
			runOnlyForDeploymentPostprocessing = 0;
		};
/* End PBXCopyFilesBuildPhase section */

/* Begin PBXFileReference section */
		3584EF350AD74165FC87A2C1 /* Pods-SlideOutAnimation.debug.xcconfig */ = {isa = PBXFileReference; includeInIndex = 1; lastKnownFileType = text.xcconfig; name = "Pods-SlideOutAnimation.debug.xcconfig"; path = "Pods/Target Support Files/Pods-SlideOutAnimation/Pods-SlideOutAnimation.debug.xcconfig"; sourceTree = "<group>"; };
		4AA3113F54BEEE9C8BBE1750 /* Pods_StickyNotes.framework */ = {isa = PBXFileReference; explicitFileType = wrapper.framework; includeInIndex = 0; path = Pods_StickyNotes.framework; sourceTree = BUILT_PRODUCTS_DIR; };
		5E480F4D21B26E280016DEF6 /* PhotoCentricTableViewCell.swift */ = {isa = PBXFileReference; lastKnownFileType = sourcecode.swift; path = PhotoCentricTableViewCell.swift; sourceTree = "<group>"; };
		5E480F4F21B273280016DEF6 /* PhotoCentricCollectionViewCell.swift */ = {isa = PBXFileReference; lastKnownFileType = sourcecode.swift; path = PhotoCentricCollectionViewCell.swift; sourceTree = "<group>"; };
		5E5108C521AA9ABA00C98B75 /* HomeBase.swift */ = {isa = PBXFileReference; fileEncoding = 4; lastKnownFileType = sourcecode.swift; path = HomeBase.swift; sourceTree = "<group>"; };
		5E5108C621AA9ABA00C98B75 /* Items.swift */ = {isa = PBXFileReference; fileEncoding = 4; lastKnownFileType = sourcecode.swift; path = Items.swift; sourceTree = "<group>"; };
		5E5108C721AA9ABA00C98B75 /* Section.swift */ = {isa = PBXFileReference; fileEncoding = 4; lastKnownFileType = sourcecode.swift; path = Section.swift; sourceTree = "<group>"; };
		5E5108C821AA9ABA00C98B75 /* Modules.swift */ = {isa = PBXFileReference; fileEncoding = 4; lastKnownFileType = sourcecode.swift; path = Modules.swift; sourceTree = "<group>"; };
		5E5108C921AA9ABA00C98B75 /* Metadata.swift */ = {isa = PBXFileReference; fileEncoding = 4; lastKnownFileType = sourcecode.swift; path = Metadata.swift; sourceTree = "<group>"; };
		5E5108CF21AA9E1300C98B75 /* NewsLeadCellTableViewCell.swift */ = {isa = PBXFileReference; lastKnownFileType = sourcecode.swift; path = NewsLeadCellTableViewCell.swift; sourceTree = "<group>"; };
		5E6AA27121BC2508007C9A58 /* news.png */ = {isa = PBXFileReference; lastKnownFileType = image.png; path = news.png; sourceTree = "<group>"; };
		5E6AA27321BC2510007C9A58 /* events.png */ = {isa = PBXFileReference; lastKnownFileType = image.png; path = events.png; sourceTree = "<group>"; };
		5E6AA27521BC2519007C9A58 /* diary.png */ = {isa = PBXFileReference; lastKnownFileType = image.png; path = diary.png; sourceTree = "<group>"; };
		5E6AA27721BC251F007C9A58 /* map.png */ = {isa = PBXFileReference; lastKnownFileType = image.png; path = map.png; sourceTree = "<group>"; };
		5E6AA27921BC2C39007C9A58 /* AppIconCollectionViewCell.swift */ = {isa = PBXFileReference; lastKnownFileType = sourcecode.swift; path = AppIconCollectionViewCell.swift; sourceTree = "<group>"; };
		5E6AA27B21BC3C58007C9A58 /* DontForget.png */ = {isa = PBXFileReference; lastKnownFileType = image.png; path = DontForget.png; sourceTree = "<group>"; };
		5E6BF88121BD2318007583DD /* PaddingLabel.swift */ = {isa = PBXFileReference; lastKnownFileType = sourcecode.swift; path = PaddingLabel.swift; sourceTree = "<group>"; };
		5E7D87D621C7E03F00789FB0 /* SlideOutAnimationTests.xctest */ = {isa = PBXFileReference; explicitFileType = wrapper.cfbundle; includeInIndex = 0; path = SlideOutAnimationTests.xctest; sourceTree = BUILT_PRODUCTS_DIR; };
		5E7D87DA21C7E04000789FB0 /* Info.plist */ = {isa = PBXFileReference; lastKnownFileType = text.plist.xml; path = Info.plist; sourceTree = "<group>"; };
		5E7D87E521C7EE2000789FB0 /* News_Sample.json */ = {isa = PBXFileReference; lastKnownFileType = text.json; path = News_Sample.json; sourceTree = "<group>"; };
		5E7D87E721C7F49700789FB0 /* UnitTestControllers.swift */ = {isa = PBXFileReference; fileEncoding = 4; lastKnownFileType = sourcecode.swift; path = UnitTestControllers.swift; sourceTree = "<group>"; };
		5E7D87E821C7F49700789FB0 /* UnitTestNewsViewController.swift */ = {isa = PBXFileReference; fileEncoding = 4; lastKnownFileType = sourcecode.swift; path = UnitTestNewsViewController.swift; sourceTree = "<group>"; };
		5E7D87EF21C805AF00789FB0 /* SlideOutAnimationUITests.xctest */ = {isa = PBXFileReference; explicitFileType = wrapper.cfbundle; includeInIndex = 0; path = SlideOutAnimationUITests.xctest; sourceTree = BUILT_PRODUCTS_DIR; };
		5E7D87F121C805AF00789FB0 /* SlideOutAnimationUITests.swift */ = {isa = PBXFileReference; lastKnownFileType = sourcecode.swift; path = SlideOutAnimationUITests.swift; sourceTree = "<group>"; };
		5E7D87F321C805AF00789FB0 /* Info.plist */ = {isa = PBXFileReference; lastKnownFileType = text.plist.xml; path = Info.plist; sourceTree = "<group>"; };
		5EA61F4A21C65103009F609E /* BannerAdService.swift */ = {isa = PBXFileReference; lastKnownFileType = sourcecode.swift; path = BannerAdService.swift; sourceTree = "<group>"; };
		5EA61F4C21C6971D009F609E /* EmailReminderViewController.swift */ = {isa = PBXFileReference; lastKnownFileType = sourcecode.swift; path = EmailReminderViewController.swift; sourceTree = "<group>"; };
		5EE2D96B21AA75BA0012EFC4 /* ApiService.swift */ = {isa = PBXFileReference; fileEncoding = 4; lastKnownFileType = sourcecode.swift; path = ApiService.swift; sourceTree = "<group>"; };
		5EE2D96D21AA7BF20012EFC4 /* NewsViewController.swift */ = {isa = PBXFileReference; lastKnownFileType = sourcecode.swift; path = NewsViewController.swift; sourceTree = "<group>"; };
		610E6FC586D6D9576D456EA5 /* Pods-StickyNotes.debug.xcconfig */ = {isa = PBXFileReference; includeInIndex = 1; lastKnownFileType = text.xcconfig; name = "Pods-StickyNotes.debug.xcconfig"; path = "Pods/Target Support Files/Pods-StickyNotes/Pods-StickyNotes.debug.xcconfig"; sourceTree = "<group>"; };
		6F15BB3DBAAE217701135813 /* Pods-SlideOutAnimation.release.xcconfig */ = {isa = PBXFileReference; includeInIndex = 1; lastKnownFileType = text.xcconfig; name = "Pods-SlideOutAnimation.release.xcconfig"; path = "Pods/Target Support Files/Pods-SlideOutAnimation/Pods-SlideOutAnimation.release.xcconfig"; sourceTree = "<group>"; };
		A5959E01D10FDDDCECD42953 /* Pods-StickyNotes.release.xcconfig */ = {isa = PBXFileReference; includeInIndex = 1; lastKnownFileType = text.xcconfig; name = "Pods-StickyNotes.release.xcconfig"; path = "Pods/Target Support Files/Pods-StickyNotes/Pods-StickyNotes.release.xcconfig"; sourceTree = "<group>"; };
		A72BB1901F53F47300E674F4 /* AppIconsViewController.swift */ = {isa = PBXFileReference; fileEncoding = 4; lastKnownFileType = sourcecode.swift; path = AppIconsViewController.swift; sourceTree = "<group>"; };
		A732B3E01F517F7500660C15 /* SlideOutAnimation.entitlements */ = {isa = PBXFileReference; lastKnownFileType = text.plist.entitlements; path = SlideOutAnimation.entitlements; sourceTree = "<group>"; };
		A732B3E11F517F8A00660C15 /* StickyNotes.entitlements */ = {isa = PBXFileReference; lastKnownFileType = text.plist.entitlements; path = StickyNotes.entitlements; sourceTree = "<group>"; };
		A75AD0381F5EA158008B1237 /* AddToDiaryViewController.swift */ = {isa = PBXFileReference; fileEncoding = 4; lastKnownFileType = sourcecode.swift; path = AddToDiaryViewController.swift; sourceTree = "<group>"; };
		A75E023F1F34953400FB1872 /* SlideOutAnimation.app */ = {isa = PBXFileReference; explicitFileType = wrapper.application; includeInIndex = 0; path = SlideOutAnimation.app; sourceTree = BUILT_PRODUCTS_DIR; };
		A75E02421F34953500FB1872 /* AppDelegate.swift */ = {isa = PBXFileReference; lastKnownFileType = sourcecode.swift; path = AppDelegate.swift; sourceTree = "<group>"; };
		A75E02441F34953500FB1872 /* ViewController.swift */ = {isa = PBXFileReference; lastKnownFileType = sourcecode.swift; path = ViewController.swift; sourceTree = "<group>"; };
		A75E02471F34953500FB1872 /* Base */ = {isa = PBXFileReference; lastKnownFileType = file.storyboard; name = Base; path = Base.lproj/Main.storyboard; sourceTree = "<group>"; };
		A75E024A1F34953500FB1872 /* SlideOutAnimation.xcdatamodel */ = {isa = PBXFileReference; lastKnownFileType = wrapper.xcdatamodel; path = SlideOutAnimation.xcdatamodel; sourceTree = "<group>"; };
		A75E024C1F34953500FB1872 /* Assets.xcassets */ = {isa = PBXFileReference; lastKnownFileType = folder.assetcatalog; path = Assets.xcassets; sourceTree = "<group>"; };
		A75E024F1F34953500FB1872 /* Base */ = {isa = PBXFileReference; lastKnownFileType = file.storyboard; name = Base; path = Base.lproj/LaunchScreen.storyboard; sourceTree = "<group>"; };
		A75E02511F34953500FB1872 /* Info.plist */ = {isa = PBXFileReference; lastKnownFileType = text.plist.xml; path = Info.plist; sourceTree = "<group>"; };
		A75E02571F349BD800FB1872 /* MenuViewController.swift */ = {isa = PBXFileReference; fileEncoding = 4; lastKnownFileType = sourcecode.swift; path = MenuViewController.swift; sourceTree = "<group>"; };
		A75E02591F349CC400FB1872 /* PresentViewController.swift */ = {isa = PBXFileReference; fileEncoding = 4; lastKnownFileType = sourcecode.swift; path = PresentViewController.swift; sourceTree = "<group>"; };
		A7657C091F3EFE7D00A6EF96 /* reminder.png */ = {isa = PBXFileReference; lastKnownFileType = image.png; path = reminder.png; sourceTree = "<group>"; };
		A7657C0F1F3F245B00A6EF96 /* StickyNotes.appex */ = {isa = PBXFileReference; explicitFileType = "wrapper.app-extension"; includeInIndex = 0; path = StickyNotes.appex; sourceTree = BUILT_PRODUCTS_DIR; };
		A7657C111F3F245B00A6EF96 /* NotificationCenter.framework */ = {isa = PBXFileReference; lastKnownFileType = wrapper.framework; name = NotificationCenter.framework; path = System/Library/Frameworks/NotificationCenter.framework; sourceTree = SDKROOT; };
		A7657C141F3F245B00A6EF96 /* TodayViewController.swift */ = {isa = PBXFileReference; lastKnownFileType = sourcecode.swift; path = TodayViewController.swift; sourceTree = "<group>"; };
		A7657C171F3F245B00A6EF96 /* Base */ = {isa = PBXFileReference; lastKnownFileType = file.storyboard; name = Base; path = Base.lproj/MainInterface.storyboard; sourceTree = "<group>"; };
		A7657C191F3F245B00A6EF96 /* Info.plist */ = {isa = PBXFileReference; lastKnownFileType = text.plist.xml; path = Info.plist; sourceTree = "<group>"; };
		A7657C221F3F29AF00A6EF96 /* StickyNotesViewController.swift */ = {isa = PBXFileReference; fileEncoding = 4; lastKnownFileType = sourcecode.swift; path = StickyNotesViewController.swift; sourceTree = "<group>"; };
		A770C8E71F3C1D5200C2BE84 /* AddEventsViewController.swift */ = {isa = PBXFileReference; fileEncoding = 4; lastKnownFileType = sourcecode.swift; path = AddEventsViewController.swift; sourceTree = "<group>"; };
		A770C8E91F3C1DAC00C2BE84 /* CustomNavigationController.swift */ = {isa = PBXFileReference; fileEncoding = 4; lastKnownFileType = sourcecode.swift; path = CustomNavigationController.swift; sourceTree = "<group>"; };
		A770C8EB1F3C1DCC00C2BE84 /* CustomPresentAnimationController.swift */ = {isa = PBXFileReference; fileEncoding = 4; lastKnownFileType = sourcecode.swift; path = CustomPresentAnimationController.swift; sourceTree = "<group>"; };
		A770C8ED1F3C1DFD00C2BE84 /* CustomInteractionController.swift */ = {isa = PBXFileReference; fileEncoding = 4; lastKnownFileType = sourcecode.swift; path = CustomInteractionController.swift; sourceTree = "<group>"; };
		A773F8051F398500005A9437 /* DismissViewController.swift */ = {isa = PBXFileReference; fileEncoding = 4; lastKnownFileType = sourcecode.swift; path = DismissViewController.swift; sourceTree = "<group>"; };
		A773F8091F39C184005A9437 /* CustomLayout.swift */ = {isa = PBXFileReference; fileEncoding = 4; lastKnownFileType = sourcecode.swift; path = CustomLayout.swift; sourceTree = "<group>"; };
		A773F80B1F39CB4D005A9437 /* LeadCellTableViewCell.swift */ = {isa = PBXFileReference; fileEncoding = 4; lastKnownFileType = sourcecode.swift; path = LeadCellTableViewCell.swift; sourceTree = "<group>"; };
		A773F80D1F39D8B9005A9437 /* DayEventsViewController.swift */ = {isa = PBXFileReference; fileEncoding = 4; lastKnownFileType = sourcecode.swift; path = DayEventsViewController.swift; sourceTree = "<group>"; };
		A77C240A1F5A6C66006F0F2A /* DiaryViewController.swift */ = {isa = PBXFileReference; fileEncoding = 4; lastKnownFileType = sourcecode.swift; path = DiaryViewController.swift; sourceTree = "<group>"; };
		A77C240C1F5A6D0F006F0F2A /* DiaryImageCellTableViewCell.swift */ = {isa = PBXFileReference; fileEncoding = 4; lastKnownFileType = sourcecode.swift; path = DiaryImageCellTableViewCell.swift; sourceTree = "<group>"; };
		A77C24121F5AB67C006F0F2A /* PageViewController.swift */ = {isa = PBXFileReference; fileEncoding = 4; lastKnownFileType = sourcecode.swift; path = PageViewController.swift; sourceTree = "<group>"; };
		A77C24141F5ACD92006F0F2A /* DiaryContentCell.swift */ = {isa = PBXFileReference; fileEncoding = 4; lastKnownFileType = sourcecode.swift; path = DiaryContentCell.swift; sourceTree = "<group>"; };
		A7F0E2D31F92252700E0A7EC /* SearchPlacesViewController.swift */ = {isa = PBXFileReference; lastKnownFileType = sourcecode.swift; path = SearchPlacesViewController.swift; sourceTree = "<group>"; };
		CA9AF2C41D89B85A74BD3C78 /* Pods_SlideOutAnimation.framework */ = {isa = PBXFileReference; explicitFileType = wrapper.framework; includeInIndex = 0; path = Pods_SlideOutAnimation.framework; sourceTree = BUILT_PRODUCTS_DIR; };
/* End PBXFileReference section */

/* Begin PBXFrameworksBuildPhase section */
		5E7D87D321C7E03F00789FB0 /* Frameworks */ = {
			isa = PBXFrameworksBuildPhase;
			buildActionMask = 2147483647;
			files = (
			);
			runOnlyForDeploymentPostprocessing = 0;
		};
		5E7D87EC21C805AF00789FB0 /* Frameworks */ = {
			isa = PBXFrameworksBuildPhase;
			buildActionMask = 2147483647;
			files = (
			);
			runOnlyForDeploymentPostprocessing = 0;
		};
		A75E023C1F34953400FB1872 /* Frameworks */ = {
			isa = PBXFrameworksBuildPhase;
			buildActionMask = 2147483647;
			files = (
				BDBEA17AF4344E06B9E70418 /* Pods_SlideOutAnimation.framework in Frameworks */,
			);
			runOnlyForDeploymentPostprocessing = 0;
		};
		A7657C0C1F3F245B00A6EF96 /* Frameworks */ = {
			isa = PBXFrameworksBuildPhase;
			buildActionMask = 2147483647;
			files = (
				A7657C121F3F245B00A6EF96 /* NotificationCenter.framework in Frameworks */,
				DB86884C47ABA033CE587785 /* Pods_StickyNotes.framework in Frameworks */,
			);
			runOnlyForDeploymentPostprocessing = 0;
		};
/* End PBXFrameworksBuildPhase section */

/* Begin PBXGroup section */
		5E7D87D721C7E04000789FB0 /* SlideOutAnimationTests */ = {
			isa = PBXGroup;
			children = (
				5E7D87E721C7F49700789FB0 /* UnitTestControllers.swift */,
				5E7D87E821C7F49700789FB0 /* UnitTestNewsViewController.swift */,
				5E7D87DA21C7E04000789FB0 /* Info.plist */,
			);
			path = SlideOutAnimationTests;
			sourceTree = "<group>";
		};
		5E7D87F021C805AF00789FB0 /* SlideOutAnimationUITests */ = {
			isa = PBXGroup;
			children = (
				5E7D87F121C805AF00789FB0 /* SlideOutAnimationUITests.swift */,
				5E7D87F321C805AF00789FB0 /* Info.plist */,
			);
			path = SlideOutAnimationUITests;
			sourceTree = "<group>";
		};
		A75E02361F34953400FB1872 = {
			isa = PBXGroup;
			children = (
				A75E02411F34953400FB1872 /* SlideOutAnimation */,
				A7657C131F3F245B00A6EF96 /* StickyNotes */,
				5E7D87D721C7E04000789FB0 /* SlideOutAnimationTests */,
				5E7D87F021C805AF00789FB0 /* SlideOutAnimationUITests */,
				A7657C101F3F245B00A6EF96 /* Frameworks */,
				A75E02401F34953400FB1872 /* Products */,
				F93E780945212556C01A2265 /* Pods */,
			);
			sourceTree = "<group>";
		};
		A75E02401F34953400FB1872 /* Products */ = {
			isa = PBXGroup;
			children = (
				A75E023F1F34953400FB1872 /* SlideOutAnimation.app */,
				A7657C0F1F3F245B00A6EF96 /* StickyNotes.appex */,
				5E7D87D621C7E03F00789FB0 /* SlideOutAnimationTests.xctest */,
				5E7D87EF21C805AF00789FB0 /* SlideOutAnimationUITests.xctest */,
			);
			name = Products;
			sourceTree = "<group>";
		};
		A75E02411F34953400FB1872 /* SlideOutAnimation */ = {
			isa = PBXGroup;
			children = (
				5EA61F4C21C6971D009F609E /* EmailReminderViewController.swift */,
				A732B3E01F517F7500660C15 /* SlideOutAnimation.entitlements */,
				A7F0E2D31F92252700E0A7EC /* SearchPlacesViewController.swift */,
				A77C24121F5AB67C006F0F2A /* PageViewController.swift */,
				A75E02421F34953500FB1872 /* AppDelegate.swift */,
				A75AD0381F5EA158008B1237 /* AddToDiaryViewController.swift */,
				A75E02441F34953500FB1872 /* ViewController.swift */,
				A773F8091F39C184005A9437 /* CustomLayout.swift */,
				A773F8051F398500005A9437 /* DismissViewController.swift */,
				A75E02571F349BD800FB1872 /* MenuViewController.swift */,
				A770C8E71F3C1D5200C2BE84 /* AddEventsViewController.swift */,
				A770C8E91F3C1DAC00C2BE84 /* CustomNavigationController.swift */,
				A770C8EB1F3C1DCC00C2BE84 /* CustomPresentAnimationController.swift */,
				A770C8ED1F3C1DFD00C2BE84 /* CustomInteractionController.swift */,
				A75E02591F349CC400FB1872 /* PresentViewController.swift */,
				A75E02461F34953500FB1872 /* Main.storyboard */,
				5E7D87E521C7EE2000789FB0 /* News_Sample.json */,
				5E6BF88121BD2318007583DD /* PaddingLabel.swift */,
				5E6AA27921BC2C39007C9A58 /* AppIconCollectionViewCell.swift */,
				5E480F4F21B273280016DEF6 /* PhotoCentricCollectionViewCell.swift */,
				5E480F4D21B26E280016DEF6 /* PhotoCentricTableViewCell.swift */,
				5E5108CF21AA9E1300C98B75 /* NewsLeadCellTableViewCell.swift */,
				5EE2D96D21AA7BF20012EFC4 /* NewsViewController.swift */,
				A77C24141F5ACD92006F0F2A /* DiaryContentCell.swift */,
				A77C240C1F5A6D0F006F0F2A /* DiaryImageCellTableViewCell.swift */,
				5E5108C521AA9ABA00C98B75 /* HomeBase.swift */,
				5E5108C621AA9ABA00C98B75 /* Items.swift */,
				5E5108C921AA9ABA00C98B75 /* Metadata.swift */,
				5E5108C821AA9ABA00C98B75 /* Modules.swift */,
				5E5108C721AA9ABA00C98B75 /* Section.swift */,
				A72BB1901F53F47300E674F4 /* AppIconsViewController.swift */,
				A773F80B1F39CB4D005A9437 /* LeadCellTableViewCell.swift */,
				A773F80D1F39D8B9005A9437 /* DayEventsViewController.swift */,
				5EA61F4A21C65103009F609E /* BannerAdService.swift */,
				A77C240A1F5A6C66006F0F2A /* DiaryViewController.swift */,
				A75E024C1F34953500FB1872 /* Assets.xcassets */,
				5E6AA27521BC2519007C9A58 /* diary.png */,
				5E6AA27721BC251F007C9A58 /* map.png */,
				5E6AA27121BC2508007C9A58 /* news.png */,
				A7657C091F3EFE7D00A6EF96 /* reminder.png */,
				5E6AA27B21BC3C58007C9A58 /* DontForget.png */,
				5E6AA27321BC2510007C9A58 /* events.png */,
				A75E024E1F34953500FB1872 /* LaunchScreen.storyboard */,
				A75E02511F34953500FB1872 /* Info.plist */,
				A75E02491F34953500FB1872 /* SlideOutAnimation.xcdatamodeld */,
				A7657C221F3F29AF00A6EF96 /* StickyNotesViewController.swift */,
				5EE2D96B21AA75BA0012EFC4 /* ApiService.swift */,
			);
			path = SlideOutAnimation;
			sourceTree = "<group>";
		};
		A7657C101F3F245B00A6EF96 /* Frameworks */ = {
			isa = PBXGroup;
			children = (
				A7657C111F3F245B00A6EF96 /* NotificationCenter.framework */,
				CA9AF2C41D89B85A74BD3C78 /* Pods_SlideOutAnimation.framework */,
				4AA3113F54BEEE9C8BBE1750 /* Pods_StickyNotes.framework */,
			);
			name = Frameworks;
			sourceTree = "<group>";
		};
		A7657C131F3F245B00A6EF96 /* StickyNotes */ = {
			isa = PBXGroup;
			children = (
				A732B3E11F517F8A00660C15 /* StickyNotes.entitlements */,
				A7657C141F3F245B00A6EF96 /* TodayViewController.swift */,
				A7657C161F3F245B00A6EF96 /* MainInterface.storyboard */,
				A7657C191F3F245B00A6EF96 /* Info.plist */,
			);
			path = StickyNotes;
			sourceTree = "<group>";
		};
		F93E780945212556C01A2265 /* Pods */ = {
			isa = PBXGroup;
			children = (
				3584EF350AD74165FC87A2C1 /* Pods-SlideOutAnimation.debug.xcconfig */,
				6F15BB3DBAAE217701135813 /* Pods-SlideOutAnimation.release.xcconfig */,
				610E6FC586D6D9576D456EA5 /* Pods-StickyNotes.debug.xcconfig */,
				A5959E01D10FDDDCECD42953 /* Pods-StickyNotes.release.xcconfig */,
			);
			name = Pods;
			sourceTree = "<group>";
		};
/* End PBXGroup section */

/* Begin PBXNativeTarget section */
		5E7D87D521C7E03F00789FB0 /* SlideOutAnimationTests */ = {
			isa = PBXNativeTarget;
			buildConfigurationList = 5E7D87DD21C7E04000789FB0 /* Build configuration list for PBXNativeTarget "SlideOutAnimationTests" */;
			buildPhases = (
				5E7D87D221C7E03F00789FB0 /* Sources */,
				5E7D87D321C7E03F00789FB0 /* Frameworks */,
				5E7D87D421C7E03F00789FB0 /* Resources */,
			);
			buildRules = (
			);
			dependencies = (
				5E7D87DC21C7E04000789FB0 /* PBXTargetDependency */,
			);
			name = SlideOutAnimationTests;
			productName = SlideOutAnimationTests;
			productReference = 5E7D87D621C7E03F00789FB0 /* SlideOutAnimationTests.xctest */;
			productType = "com.apple.product-type.bundle.unit-test";
		};
		5E7D87EE21C805AF00789FB0 /* SlideOutAnimationUITests */ = {
			isa = PBXNativeTarget;
			buildConfigurationList = 5E7D87F821C805AF00789FB0 /* Build configuration list for PBXNativeTarget "SlideOutAnimationUITests" */;
			buildPhases = (
				5E7D87EB21C805AF00789FB0 /* Sources */,
				5E7D87EC21C805AF00789FB0 /* Frameworks */,
				5E7D87ED21C805AF00789FB0 /* Resources */,
			);
			buildRules = (
			);
			dependencies = (
				5E7D87F521C805AF00789FB0 /* PBXTargetDependency */,
			);
			name = SlideOutAnimationUITests;
			productName = SlideOutAnimationUITests;
			productReference = 5E7D87EF21C805AF00789FB0 /* SlideOutAnimationUITests.xctest */;
			productType = "com.apple.product-type.bundle.ui-testing";
		};
		A75E023E1F34953400FB1872 /* SlideOutAnimation */ = {
			isa = PBXNativeTarget;
			buildConfigurationList = A75E02541F34953500FB1872 /* Build configuration list for PBXNativeTarget "SlideOutAnimation" */;
			buildPhases = (
				AE1E30127278017B3EF13298 /* [CP] Check Pods Manifest.lock */,
				A75E023B1F34953400FB1872 /* Sources */,
				A75E023C1F34953400FB1872 /* Frameworks */,
				A75E023D1F34953400FB1872 /* Resources */,
				A7657C201F3F245B00A6EF96 /* Embed App Extensions */,
				5E5C43AF21B3CE9F001E1804 /* ShellScript */,
			);
			buildRules = (
			);
			dependencies = (
				A7657C1B1F3F245B00A6EF96 /* PBXTargetDependency */,
			);
			name = SlideOutAnimation;
			productName = SlideOutAnimation;
			productReference = A75E023F1F34953400FB1872 /* SlideOutAnimation.app */;
			productType = "com.apple.product-type.application";
		};
		A7657C0E1F3F245B00A6EF96 /* StickyNotes */ = {
			isa = PBXNativeTarget;
			buildConfigurationList = A7657C1D1F3F245B00A6EF96 /* Build configuration list for PBXNativeTarget "StickyNotes" */;
			buildPhases = (
				597DB87B679DE7231458EE1B /* [CP] Check Pods Manifest.lock */,
				A7657C0B1F3F245B00A6EF96 /* Sources */,
				A7657C0C1F3F245B00A6EF96 /* Frameworks */,
				A7657C0D1F3F245B00A6EF96 /* Resources */,
			);
			buildRules = (
			);
			dependencies = (
			);
			name = StickyNotes;
			productName = StickyNotes;
			productReference = A7657C0F1F3F245B00A6EF96 /* StickyNotes.appex */;
			productType = "com.apple.product-type.app-extension";
		};
/* End PBXNativeTarget section */

/* Begin PBXProject section */
		A75E02371F34953400FB1872 /* Project object */ = {
			isa = PBXProject;
			attributes = {
				LastSwiftUpdateCheck = 1000;
				LastUpgradeCheck = 1000;
				ORGANIZATIONNAME = Tringapps;
				TargetAttributes = {
					5E7D87D521C7E03F00789FB0 = {
						CreatedOnToolsVersion = 10.0;
						ProvisioningStyle = Automatic;
						TestTargetID = A75E023E1F34953400FB1872;
					};
					5E7D87EE21C805AF00789FB0 = {
						CreatedOnToolsVersion = 10.0;
						ProvisioningStyle = Automatic;
						TestTargetID = A75E023E1F34953400FB1872;
					};
					A75E023E1F34953400FB1872 = {
						CreatedOnToolsVersion = 8.3.3;
						DevelopmentTeam = 6VEK7EP32G;
						LastSwiftMigration = 1000;
						ProvisioningStyle = Manual;
						SystemCapabilities = {
							com.apple.ApplicationGroups.iOS = {
								enabled = 0;
							};
						};
					};
					A7657C0E1F3F245B00A6EF96 = {
						CreatedOnToolsVersion = 8.3.3;
						DevelopmentTeam = 6VEK7EP32G;
						LastSwiftMigration = 1000;
						ProvisioningStyle = Manual;
						SystemCapabilities = {
							com.apple.ApplicationGroups.iOS = {
								enabled = 0;
							};
						};
					};
				};
			};
			buildConfigurationList = A75E023A1F34953400FB1872 /* Build configuration list for PBXProject "SlideOutAnimation" */;
			compatibilityVersion = "Xcode 3.2";
			developmentRegion = English;
			hasScannedForEncodings = 0;
			knownRegions = (
				en,
				Base,
			);
			mainGroup = A75E02361F34953400FB1872;
			productRefGroup = A75E02401F34953400FB1872 /* Products */;
			projectDirPath = "";
			projectRoot = "";
			targets = (
				A75E023E1F34953400FB1872 /* SlideOutAnimation */,
				A7657C0E1F3F245B00A6EF96 /* StickyNotes */,
				5E7D87D521C7E03F00789FB0 /* SlideOutAnimationTests */,
				5E7D87EE21C805AF00789FB0 /* SlideOutAnimationUITests */,
			);
		};
/* End PBXProject section */

/* Begin PBXResourcesBuildPhase section */
		5E7D87D421C7E03F00789FB0 /* Resources */ = {
			isa = PBXResourcesBuildPhase;
			buildActionMask = 2147483647;
			files = (
			);
			runOnlyForDeploymentPostprocessing = 0;
		};
		5E7D87ED21C805AF00789FB0 /* Resources */ = {
			isa = PBXResourcesBuildPhase;
			buildActionMask = 2147483647;
			files = (
			);
			runOnlyForDeploymentPostprocessing = 0;
		};
		A75E023D1F34953400FB1872 /* Resources */ = {
			isa = PBXResourcesBuildPhase;
			buildActionMask = 2147483647;
			files = (
				5E6AA27821BC2520007C9A58 /* map.png in Resources */,
				A75E02501F34953500FB1872 /* LaunchScreen.storyboard in Resources */,
				5E7D87E621C7EE2000789FB0 /* News_Sample.json in Resources */,
				5E6AA27421BC2510007C9A58 /* events.png in Resources */,
				A75E024D1F34953500FB1872 /* Assets.xcassets in Resources */,
				5E6AA27221BC2508007C9A58 /* news.png in Resources */,
				5E6AA27C21BC3C58007C9A58 /* DontForget.png in Resources */,
				5E6AA27621BC2519007C9A58 /* diary.png in Resources */,
				A75E02481F34953500FB1872 /* Main.storyboard in Resources */,
				A7657C0A1F3EFE7D00A6EF96 /* reminder.png in Resources */,
			);
			runOnlyForDeploymentPostprocessing = 0;
		};
		A7657C0D1F3F245B00A6EF96 /* Resources */ = {
			isa = PBXResourcesBuildPhase;
			buildActionMask = 2147483647;
			files = (
				A7657C251F3F2C3600A6EF96 /* Assets.xcassets in Resources */,
				A7657C181F3F245B00A6EF96 /* MainInterface.storyboard in Resources */,
			);
			runOnlyForDeploymentPostprocessing = 0;
		};
/* End PBXResourcesBuildPhase section */

/* Begin PBXShellScriptBuildPhase section */
		597DB87B679DE7231458EE1B /* [CP] Check Pods Manifest.lock */ = {
			isa = PBXShellScriptBuildPhase;
			buildActionMask = 2147483647;
			files = (
			);
			inputFileListPaths = (
			);
			inputPaths = (
				"${PODS_PODFILE_DIR_PATH}/Podfile.lock",
				"${PODS_ROOT}/Manifest.lock",
			);
			name = "[CP] Check Pods Manifest.lock";
			outputFileListPaths = (
			);
			outputPaths = (
				"$(DERIVED_FILE_DIR)/Pods-StickyNotes-checkManifestLockResult.txt",
			);
			runOnlyForDeploymentPostprocessing = 0;
			shellPath = /bin/sh;
			shellScript = "diff \"${PODS_PODFILE_DIR_PATH}/Podfile.lock\" \"${PODS_ROOT}/Manifest.lock\" > /dev/null\nif [ $? != 0 ] ; then\n    # print error to STDERR\n    echo \"error: The sandbox is not in sync with the Podfile.lock. Run 'pod install' or update your CocoaPods installation.\" >&2\n    exit 1\nfi\n# This output is used by Xcode 'outputs' to avoid re-running this script phase.\necho \"SUCCESS\" > \"${SCRIPT_OUTPUT_FILE_0}\"\n";
			showEnvVarsInLog = 0;
		};
		5E5C43AF21B3CE9F001E1804 /* ShellScript */ = {
			isa = PBXShellScriptBuildPhase;
			buildActionMask = 2147483647;
			files = (
			);
			inputFileListPaths = (
			);
			inputPaths = (
			);
			outputFileListPaths = (
			);
			outputPaths = (
			);
			runOnlyForDeploymentPostprocessing = 0;
			shellPath = /bin/sh;
			shellScript = "\"${PODS_ROOT}/Fabric/run\" 0e6e99290fbd32a6ac5ee5326bc07e65953c91b8 ac7903f2f93558ed4d9d2ac340345294f7716a8c56cb30167536d424003f547b\n";
		};
		AE1E30127278017B3EF13298 /* [CP] Check Pods Manifest.lock */ = {
			isa = PBXShellScriptBuildPhase;
			buildActionMask = 2147483647;
			files = (
			);
			inputFileListPaths = (
			);
			inputPaths = (
				"${PODS_PODFILE_DIR_PATH}/Podfile.lock",
				"${PODS_ROOT}/Manifest.lock",
			);
			name = "[CP] Check Pods Manifest.lock";
			outputFileListPaths = (
			);
			outputPaths = (
				"$(DERIVED_FILE_DIR)/Pods-SlideOutAnimation-checkManifestLockResult.txt",
			);
			runOnlyForDeploymentPostprocessing = 0;
			shellPath = /bin/sh;
			shellScript = "diff \"${PODS_PODFILE_DIR_PATH}/Podfile.lock\" \"${PODS_ROOT}/Manifest.lock\" > /dev/null\nif [ $? != 0 ] ; then\n    # print error to STDERR\n    echo \"error: The sandbox is not in sync with the Podfile.lock. Run 'pod install' or update your CocoaPods installation.\" >&2\n    exit 1\nfi\n# This output is used by Xcode 'outputs' to avoid re-running this script phase.\necho \"SUCCESS\" > \"${SCRIPT_OUTPUT_FILE_0}\"\n";
			showEnvVarsInLog = 0;
		};
/* End PBXShellScriptBuildPhase section */

/* Begin PBXSourcesBuildPhase section */
		5E7D87D221C7E03F00789FB0 /* Sources */ = {
			isa = PBXSourcesBuildPhase;
			buildActionMask = 2147483647;
			files = (
				5E7D87EA21C7F49700789FB0 /* UnitTestNewsViewController.swift in Sources */,
				5E7D87E921C7F49700789FB0 /* UnitTestControllers.swift in Sources */,
			);
			runOnlyForDeploymentPostprocessing = 0;
		};
		5E7D87EB21C805AF00789FB0 /* Sources */ = {
			isa = PBXSourcesBuildPhase;
			buildActionMask = 2147483647;
			files = (
				5E7D87F221C805AF00789FB0 /* SlideOutAnimationUITests.swift in Sources */,
			);
			runOnlyForDeploymentPostprocessing = 0;
		};
		A75E023B1F34953400FB1872 /* Sources */ = {
			isa = PBXSourcesBuildPhase;
			buildActionMask = 2147483647;
			files = (
				A77C24151F5ACD92006F0F2A /* DiaryContentCell.swift in Sources */,
				5E5108CD21AA9ABA00C98B75 /* Modules.swift in Sources */,
				5E5108D021AA9E1300C98B75 /* NewsLeadCellTableViewCell.swift in Sources */,
				5EA61F4D21C6971D009F609E /* EmailReminderViewController.swift in Sources */,
				5E480F5021B273280016DEF6 /* PhotoCentricCollectionViewCell.swift in Sources */,
				5E480F4E21B26E280016DEF6 /* PhotoCentricTableViewCell.swift in Sources */,
				5E5108CB21AA9ABA00C98B75 /* Items.swift in Sources */,
				A75AD0391F5EA158008B1237 /* AddToDiaryViewController.swift in Sources */,
				5EE2D96E21AA7BF20012EFC4 /* NewsViewController.swift in Sources */,
				A770C8EA1F3C1DAC00C2BE84 /* CustomNavigationController.swift in Sources */,
				A75E024B1F34953500FB1872 /* SlideOutAnimation.xcdatamodeld in Sources */,
				A773F80E1F39D8B9005A9437 /* DayEventsViewController.swift in Sources */,
				5E6AA27A21BC2C39007C9A58 /* AppIconCollectionViewCell.swift in Sources */,
				5E5108CC21AA9ABA00C98B75 /* Section.swift in Sources */,
				A773F80A1F39C184005A9437 /* CustomLayout.swift in Sources */,
				5EE2D96C21AA75BA0012EFC4 /* ApiService.swift in Sources */,
				A75E02451F34953500FB1872 /* ViewController.swift in Sources */,
				A75E025A1F349CC400FB1872 /* PresentViewController.swift in Sources */,
				A770C8E81F3C1D5200C2BE84 /* AddEventsViewController.swift in Sources */,
				5E5108CE21AA9ABA00C98B75 /* Metadata.swift in Sources */,
				A72BB1911F53F47300E674F4 /* AppIconsViewController.swift in Sources */,
				A75E02431F34953500FB1872 /* AppDelegate.swift in Sources */,
				5E6BF88221BD2318007583DD /* PaddingLabel.swift in Sources */,
				5E5108CA21AA9ABA00C98B75 /* HomeBase.swift in Sources */,
				A75E02581F349BD800FB1872 /* MenuViewController.swift in Sources */,
				A7657C231F3F29AF00A6EF96 /* StickyNotesViewController.swift in Sources */,
				5EA61F4B21C65103009F609E /* BannerAdService.swift in Sources */,
				A7F0E2D41F9226AA00E0A7EC /* SearchPlacesViewController.swift in Sources */,
				A770C8EE1F3C1DFD00C2BE84 /* CustomInteractionController.swift in Sources */,
				A77C240B1F5A6C66006F0F2A /* DiaryViewController.swift in Sources */,
				A77C240D1F5A6D0F006F0F2A /* DiaryImageCellTableViewCell.swift in Sources */,
				A770C8EC1F3C1DCC00C2BE84 /* CustomPresentAnimationController.swift in Sources */,
				A77C24131F5AB67C006F0F2A /* PageViewController.swift in Sources */,
				A773F8061F398500005A9437 /* DismissViewController.swift in Sources */,
				A773F80C1F39CB4D005A9437 /* LeadCellTableViewCell.swift in Sources */,
			);
			runOnlyForDeploymentPostprocessing = 0;
		};
		A7657C0B1F3F245B00A6EF96 /* Sources */ = {
			isa = PBXSourcesBuildPhase;
			buildActionMask = 2147483647;
			files = (
				A7657C151F3F245B00A6EF96 /* TodayViewController.swift in Sources */,
				A7657C241F3F29E900A6EF96 /* StickyNotesViewController.swift in Sources */,
			);
			runOnlyForDeploymentPostprocessing = 0;
		};
/* End PBXSourcesBuildPhase section */

/* Begin PBXTargetDependency section */
		5E7D87DC21C7E04000789FB0 /* PBXTargetDependency */ = {
			isa = PBXTargetDependency;
			target = A75E023E1F34953400FB1872 /* SlideOutAnimation */;
			targetProxy = 5E7D87DB21C7E04000789FB0 /* PBXContainerItemProxy */;
		};
		5E7D87F521C805AF00789FB0 /* PBXTargetDependency */ = {
			isa = PBXTargetDependency;
			target = A75E023E1F34953400FB1872 /* SlideOutAnimation */;
			targetProxy = 5E7D87F421C805AF00789FB0 /* PBXContainerItemProxy */;
		};
		A7657C1B1F3F245B00A6EF96 /* PBXTargetDependency */ = {
			isa = PBXTargetDependency;
			target = A7657C0E1F3F245B00A6EF96 /* StickyNotes */;
			targetProxy = A7657C1A1F3F245B00A6EF96 /* PBXContainerItemProxy */;
		};
/* End PBXTargetDependency section */

/* Begin PBXVariantGroup section */
		A75E02461F34953500FB1872 /* Main.storyboard */ = {
			isa = PBXVariantGroup;
			children = (
				A75E02471F34953500FB1872 /* Base */,
			);
			name = Main.storyboard;
			sourceTree = "<group>";
		};
		A75E024E1F34953500FB1872 /* LaunchScreen.storyboard */ = {
			isa = PBXVariantGroup;
			children = (
				A75E024F1F34953500FB1872 /* Base */,
			);
			name = LaunchScreen.storyboard;
			sourceTree = "<group>";
		};
		A7657C161F3F245B00A6EF96 /* MainInterface.storyboard */ = {
			isa = PBXVariantGroup;
			children = (
				A7657C171F3F245B00A6EF96 /* Base */,
			);
			name = MainInterface.storyboard;
			sourceTree = "<group>";
		};
/* End PBXVariantGroup section */

/* Begin XCBuildConfiguration section */
		5E7D87DE21C7E04000789FB0 /* Debug */ = {
			isa = XCBuildConfiguration;
			buildSettings = {
				BUNDLE_LOADER = "$(TEST_HOST)";
				CLANG_CXX_LANGUAGE_STANDARD = "gnu++14";
				CLANG_ENABLE_OBJC_WEAK = YES;
				CLANG_WARN_UNGUARDED_AVAILABILITY = YES_AGGRESSIVE;
				CODE_SIGN_IDENTITY = "iPhone Developer";
				CODE_SIGN_STYLE = Automatic;
				GCC_C_LANGUAGE_STANDARD = gnu11;
				INFOPLIST_FILE = SlideOutAnimationTests/Info.plist;
				IPHONEOS_DEPLOYMENT_TARGET = 12.0;
				LD_RUNPATH_SEARCH_PATHS = "$(inherited) @executable_path/Frameworks @loader_path/Frameworks";
				MTL_ENABLE_DEBUG_INFO = INCLUDE_SOURCE;
				MTL_FAST_MATH = YES;
				PRODUCT_BUNDLE_IDENTIFIER = com.tringapps.SlideOutAnimationTests;
				PRODUCT_NAME = "$(TARGET_NAME)";
				SWIFT_VERSION = 4.2;
				TARGETED_DEVICE_FAMILY = "1,2";
				TEST_HOST = "$(BUILT_PRODUCTS_DIR)/SlideOutAnimation.app/SlideOutAnimation";
			};
			name = Debug;
		};
		5E7D87DF21C7E04000789FB0 /* Release */ = {
			isa = XCBuildConfiguration;
			buildSettings = {
				BUNDLE_LOADER = "$(TEST_HOST)";
				CLANG_CXX_LANGUAGE_STANDARD = "gnu++14";
				CLANG_ENABLE_OBJC_WEAK = YES;
				CLANG_WARN_UNGUARDED_AVAILABILITY = YES_AGGRESSIVE;
				CODE_SIGN_IDENTITY = "iPhone Developer";
				CODE_SIGN_STYLE = Automatic;
				GCC_C_LANGUAGE_STANDARD = gnu11;
				INFOPLIST_FILE = SlideOutAnimationTests/Info.plist;
				IPHONEOS_DEPLOYMENT_TARGET = 12.0;
				LD_RUNPATH_SEARCH_PATHS = "$(inherited) @executable_path/Frameworks @loader_path/Frameworks";
				MTL_FAST_MATH = YES;
				PRODUCT_BUNDLE_IDENTIFIER = com.tringapps.SlideOutAnimationTests;
				PRODUCT_NAME = "$(TARGET_NAME)";
				SWIFT_VERSION = 4.2;
				TARGETED_DEVICE_FAMILY = "1,2";
				TEST_HOST = "$(BUILT_PRODUCTS_DIR)/SlideOutAnimation.app/SlideOutAnimation";
			};
			name = Release;
		};
		5E7D87F621C805AF00789FB0 /* Debug */ = {
			isa = XCBuildConfiguration;
			buildSettings = {
				CLANG_CXX_LANGUAGE_STANDARD = "gnu++14";
				CLANG_ENABLE_OBJC_WEAK = YES;
				CLANG_WARN_UNGUARDED_AVAILABILITY = YES_AGGRESSIVE;
				CODE_SIGN_IDENTITY = "iPhone Developer";
				CODE_SIGN_STYLE = Automatic;
				GCC_C_LANGUAGE_STANDARD = gnu11;
				INFOPLIST_FILE = SlideOutAnimationUITests/Info.plist;
				IPHONEOS_DEPLOYMENT_TARGET = 12.0;
				LD_RUNPATH_SEARCH_PATHS = "$(inherited) @executable_path/Frameworks @loader_path/Frameworks";
				MTL_ENABLE_DEBUG_INFO = INCLUDE_SOURCE;
				MTL_FAST_MATH = YES;
				PRODUCT_BUNDLE_IDENTIFIER = com.tringapps.SlideOutAnimationUITests;
				PRODUCT_NAME = "$(TARGET_NAME)";
				PROVISIONING_PROFILE = "6bfeaa72-52a8-49f2-9055-b6af03cf7122";
				SWIFT_VERSION = 4.2;
				TARGETED_DEVICE_FAMILY = "1,2";
				TEST_TARGET_NAME = SlideOutAnimation;
			};
			name = Debug;
		};
		5E7D87F721C805AF00789FB0 /* Release */ = {
			isa = XCBuildConfiguration;
			buildSettings = {
				CLANG_CXX_LANGUAGE_STANDARD = "gnu++14";
				CLANG_ENABLE_OBJC_WEAK = YES;
				CLANG_WARN_UNGUARDED_AVAILABILITY = YES_AGGRESSIVE;
				CODE_SIGN_IDENTITY = "iPhone Developer";
				CODE_SIGN_STYLE = Automatic;
				GCC_C_LANGUAGE_STANDARD = gnu11;
				INFOPLIST_FILE = SlideOutAnimationUITests/Info.plist;
				IPHONEOS_DEPLOYMENT_TARGET = 12.0;
				LD_RUNPATH_SEARCH_PATHS = "$(inherited) @executable_path/Frameworks @loader_path/Frameworks";
				MTL_FAST_MATH = YES;
				PRODUCT_BUNDLE_IDENTIFIER = com.tringapps.SlideOutAnimationUITests;
				PRODUCT_NAME = "$(TARGET_NAME)";
				PROVISIONING_PROFILE = "6bfeaa72-52a8-49f2-9055-b6af03cf7122";
				SWIFT_VERSION = 4.2;
				TARGETED_DEVICE_FAMILY = "1,2";
				TEST_TARGET_NAME = SlideOutAnimation;
			};
			name = Release;
		};
		A75E02521F34953500FB1872 /* Debug */ = {
			isa = XCBuildConfiguration;
			buildSettings = {
				ALWAYS_SEARCH_USER_PATHS = NO;
				CLANG_ANALYZER_NONNULL = YES;
				CLANG_ANALYZER_NUMBER_OBJECT_CONVERSION = YES_AGGRESSIVE;
				CLANG_CXX_LANGUAGE_STANDARD = "gnu++0x";
				CLANG_CXX_LIBRARY = "libc++";
				CLANG_ENABLE_MODULES = YES;
				CLANG_ENABLE_OBJC_ARC = YES;
				CLANG_WARN_BLOCK_CAPTURE_AUTORELEASING = YES;
				CLANG_WARN_BOOL_CONVERSION = YES;
				CLANG_WARN_COMMA = YES;
				CLANG_WARN_CONSTANT_CONVERSION = YES;
				CLANG_WARN_DEPRECATED_OBJC_IMPLEMENTATIONS = YES;
				CLANG_WARN_DIRECT_OBJC_ISA_USAGE = YES_ERROR;
				CLANG_WARN_DOCUMENTATION_COMMENTS = YES;
				CLANG_WARN_EMPTY_BODY = YES;
				CLANG_WARN_ENUM_CONVERSION = YES;
				CLANG_WARN_INFINITE_RECURSION = YES;
				CLANG_WARN_INT_CONVERSION = YES;
				CLANG_WARN_NON_LITERAL_NULL_CONVERSION = YES;
				CLANG_WARN_OBJC_IMPLICIT_RETAIN_SELF = YES;
				CLANG_WARN_OBJC_LITERAL_CONVERSION = YES;
				CLANG_WARN_OBJC_ROOT_CLASS = YES_ERROR;
				CLANG_WARN_RANGE_LOOP_ANALYSIS = YES;
				CLANG_WARN_STRICT_PROTOTYPES = YES;
				CLANG_WARN_SUSPICIOUS_MOVE = YES;
				CLANG_WARN_UNREACHABLE_CODE = YES;
				CLANG_WARN__DUPLICATE_METHOD_MATCH = YES;
				"CODE_SIGN_IDENTITY[sdk=iphoneos*]" = "iPhone Developer";
				COPY_PHASE_STRIP = NO;
				DEBUG_INFORMATION_FORMAT = dwarf;
				ENABLE_STRICT_OBJC_MSGSEND = YES;
				ENABLE_TESTABILITY = YES;
				GCC_C_LANGUAGE_STANDARD = gnu99;
				GCC_DYNAMIC_NO_PIC = NO;
				GCC_NO_COMMON_BLOCKS = YES;
				GCC_OPTIMIZATION_LEVEL = 0;
				GCC_PREPROCESSOR_DEFINITIONS = (
					"DEBUG=1",
					"$(inherited)",
				);
				GCC_WARN_64_TO_32_BIT_CONVERSION = YES;
				GCC_WARN_ABOUT_RETURN_TYPE = YES_ERROR;
				GCC_WARN_UNDECLARED_SELECTOR = YES;
				GCC_WARN_UNINITIALIZED_AUTOS = YES_AGGRESSIVE;
				GCC_WARN_UNUSED_FUNCTION = YES;
				GCC_WARN_UNUSED_VARIABLE = YES;
				IPHONEOS_DEPLOYMENT_TARGET = 11.0;
				MTL_ENABLE_DEBUG_INFO = YES;
				ONLY_ACTIVE_ARCH = YES;
				SDKROOT = iphoneos;
				SWIFT_ACTIVE_COMPILATION_CONDITIONS = DEBUG;
				SWIFT_OPTIMIZATION_LEVEL = "-Onone";
				TARGETED_DEVICE_FAMILY = "1,2";
			};
			name = Debug;
		};
		A75E02531F34953500FB1872 /* Release */ = {
			isa = XCBuildConfiguration;
			buildSettings = {
				ALWAYS_SEARCH_USER_PATHS = NO;
				CLANG_ANALYZER_NONNULL = YES;
				CLANG_ANALYZER_NUMBER_OBJECT_CONVERSION = YES_AGGRESSIVE;
				CLANG_CXX_LANGUAGE_STANDARD = "gnu++0x";
				CLANG_CXX_LIBRARY = "libc++";
				CLANG_ENABLE_MODULES = YES;
				CLANG_ENABLE_OBJC_ARC = YES;
				CLANG_WARN_BLOCK_CAPTURE_AUTORELEASING = YES;
				CLANG_WARN_BOOL_CONVERSION = YES;
				CLANG_WARN_COMMA = YES;
				CLANG_WARN_CONSTANT_CONVERSION = YES;
				CLANG_WARN_DEPRECATED_OBJC_IMPLEMENTATIONS = YES;
				CLANG_WARN_DIRECT_OBJC_ISA_USAGE = YES_ERROR;
				CLANG_WARN_DOCUMENTATION_COMMENTS = YES;
				CLANG_WARN_EMPTY_BODY = YES;
				CLANG_WARN_ENUM_CONVERSION = YES;
				CLANG_WARN_INFINITE_RECURSION = YES;
				CLANG_WARN_INT_CONVERSION = YES;
				CLANG_WARN_NON_LITERAL_NULL_CONVERSION = YES;
				CLANG_WARN_OBJC_IMPLICIT_RETAIN_SELF = YES;
				CLANG_WARN_OBJC_LITERAL_CONVERSION = YES;
				CLANG_WARN_OBJC_ROOT_CLASS = YES_ERROR;
				CLANG_WARN_RANGE_LOOP_ANALYSIS = YES;
				CLANG_WARN_STRICT_PROTOTYPES = YES;
				CLANG_WARN_SUSPICIOUS_MOVE = YES;
				CLANG_WARN_UNREACHABLE_CODE = YES;
				CLANG_WARN__DUPLICATE_METHOD_MATCH = YES;
				"CODE_SIGN_IDENTITY[sdk=iphoneos*]" = "iPhone Developer";
				COPY_PHASE_STRIP = NO;
				DEBUG_INFORMATION_FORMAT = "dwarf-with-dsym";
				ENABLE_NS_ASSERTIONS = NO;
				ENABLE_STRICT_OBJC_MSGSEND = YES;
				GCC_C_LANGUAGE_STANDARD = gnu99;
				GCC_NO_COMMON_BLOCKS = YES;
				GCC_WARN_64_TO_32_BIT_CONVERSION = YES;
				GCC_WARN_ABOUT_RETURN_TYPE = YES_ERROR;
				GCC_WARN_UNDECLARED_SELECTOR = YES;
				GCC_WARN_UNINITIALIZED_AUTOS = YES_AGGRESSIVE;
				GCC_WARN_UNUSED_FUNCTION = YES;
				GCC_WARN_UNUSED_VARIABLE = YES;
				IPHONEOS_DEPLOYMENT_TARGET = 11.0;
				MTL_ENABLE_DEBUG_INFO = NO;
				SDKROOT = iphoneos;
				SWIFT_OPTIMIZATION_LEVEL = "-Owholemodule";
				TARGETED_DEVICE_FAMILY = "1,2";
				VALIDATE_PRODUCT = YES;
			};
			name = Release;
		};
		A75E02551F34953500FB1872 /* Debug */ = {
			isa = XCBuildConfiguration;
			baseConfigurationReference = 3584EF350AD74165FC87A2C1 /* Pods-SlideOutAnimation.debug.xcconfig */;
			buildSettings = {
				ALWAYS_EMBED_SWIFT_STANDARD_LIBRARIES = YES;
				ASSETCATALOG_COMPILER_APPICON_NAME = AppIcon;
				DEBUG_INFORMATION_FORMAT = "dwarf-with-dsym";
				DEVELOPMENT_TEAM = 6VEK7EP32G;
				ENABLE_BITCODE = YES;
				INFOPLIST_FILE = SlideOutAnimation/Info.plist;
				IPHONEOS_DEPLOYMENT_TARGET = 11.0;
				LD_RUNPATH_SEARCH_PATHS = "$(inherited) @executable_path/Frameworks";
				PRODUCT_BUNDLE_IDENTIFIER = com.tringapps.SlideOutAnimation;
				PRODUCT_NAME = "$(TARGET_NAME)";
				PROVISIONING_PROFILE = "6bfeaa72-52a8-49f2-9055-b6af03cf7122";
				PROVISIONING_PROFILE_SPECIFIER = "All App Dev";
				SWIFT_SWIFT3_OBJC_INFERENCE = Default;
				SWIFT_VERSION = 4.2;
			};
			name = Debug;
		};
		A75E02561F34953500FB1872 /* Release */ = {
			isa = XCBuildConfiguration;
			baseConfigurationReference = 6F15BB3DBAAE217701135813 /* Pods-SlideOutAnimation.release.xcconfig */;
			buildSettings = {
				ALWAYS_EMBED_SWIFT_STANDARD_LIBRARIES = YES;
				ASSETCATALOG_COMPILER_APPICON_NAME = AppIcon;
				DEVELOPMENT_TEAM = 6VEK7EP32G;
				ENABLE_BITCODE = YES;
				INFOPLIST_FILE = SlideOutAnimation/Info.plist;
				IPHONEOS_DEPLOYMENT_TARGET = 11.0;
				LD_RUNPATH_SEARCH_PATHS = "$(inherited) @executable_path/Frameworks";
				PRODUCT_BUNDLE_IDENTIFIER = com.tringapps.SlideOutAnimation;
				PRODUCT_NAME = "$(TARGET_NAME)";
				PROVISIONING_PROFILE = "6bfeaa72-52a8-49f2-9055-b6af03cf7122";
				PROVISIONING_PROFILE_SPECIFIER = "All App Dev";
				SWIFT_SWIFT3_OBJC_INFERENCE = Default;
				SWIFT_VERSION = 4.2;
			};
			name = Release;
		};
		A7657C1E1F3F245B00A6EF96 /* Debug */ = {
			isa = XCBuildConfiguration;
			baseConfigurationReference = 610E6FC586D6D9576D456EA5 /* Pods-StickyNotes.debug.xcconfig */;
			buildSettings = {
				DEVELOPMENT_TEAM = 6VEK7EP32G;
				INFOPLIST_FILE = StickyNotes/Info.plist;
				IPHONEOS_DEPLOYMENT_TARGET = 11.0;
				LD_RUNPATH_SEARCH_PATHS = "$(inherited) @executable_path/Frameworks @executable_path/../../Frameworks";
				PRODUCT_BUNDLE_IDENTIFIER = com.tringapps.SlideOutAnimation.StickyNotes;
				PRODUCT_NAME = "$(TARGET_NAME)";
				PROVISIONING_PROFILE = "6bfeaa72-52a8-49f2-9055-b6af03cf7122";
				PROVISIONING_PROFILE_SPECIFIER = "All App Dev";
				SKIP_INSTALL = YES;
				SWIFT_SWIFT3_OBJC_INFERENCE = Default;
				SWIFT_VERSION = 4.2;
			};
			name = Debug;
		};
		A7657C1F1F3F245B00A6EF96 /* Release */ = {
			isa = XCBuildConfiguration;
			baseConfigurationReference = A5959E01D10FDDDCECD42953 /* Pods-StickyNotes.release.xcconfig */;
			buildSettings = {
				DEVELOPMENT_TEAM = 6VEK7EP32G;
				INFOPLIST_FILE = StickyNotes/Info.plist;
				IPHONEOS_DEPLOYMENT_TARGET = 11.0;
				LD_RUNPATH_SEARCH_PATHS = "$(inherited) @executable_path/Frameworks @executable_path/../../Frameworks";
				PRODUCT_BUNDLE_IDENTIFIER = com.tringapps.SlideOutAnimation.StickyNotes;
				PRODUCT_NAME = "$(TARGET_NAME)";
				PROVISIONING_PROFILE = "6bfeaa72-52a8-49f2-9055-b6af03cf7122";
				PROVISIONING_PROFILE_SPECIFIER = "All App Dev";
				SKIP_INSTALL = YES;
				SWIFT_SWIFT3_OBJC_INFERENCE = Default;
				SWIFT_VERSION = 4.2;
			};
			name = Release;
		};
/* End XCBuildConfiguration section */

/* Begin XCConfigurationList section */
		5E7D87DD21C7E04000789FB0 /* Build configuration list for PBXNativeTarget "SlideOutAnimationTests" */ = {
			isa = XCConfigurationList;
			buildConfigurations = (
				5E7D87DE21C7E04000789FB0 /* Debug */,
				5E7D87DF21C7E04000789FB0 /* Release */,
			);
			defaultConfigurationIsVisible = 0;
			defaultConfigurationName = Release;
		};
		5E7D87F821C805AF00789FB0 /* Build configuration list for PBXNativeTarget "SlideOutAnimationUITests" */ = {
			isa = XCConfigurationList;
			buildConfigurations = (
				5E7D87F621C805AF00789FB0 /* Debug */,
				5E7D87F721C805AF00789FB0 /* Release */,
			);
			defaultConfigurationIsVisible = 0;
			defaultConfigurationName = Release;
		};
		A75E023A1F34953400FB1872 /* Build configuration list for PBXProject "SlideOutAnimation" */ = {
			isa = XCConfigurationList;
			buildConfigurations = (
				A75E02521F34953500FB1872 /* Debug */,
				A75E02531F34953500FB1872 /* Release */,
			);
			defaultConfigurationIsVisible = 0;
			defaultConfigurationName = Release;
		};
		A75E02541F34953500FB1872 /* Build configuration list for PBXNativeTarget "SlideOutAnimation" */ = {
			isa = XCConfigurationList;
			buildConfigurations = (
				A75E02551F34953500FB1872 /* Debug */,
				A75E02561F34953500FB1872 /* Release */,
			);
			defaultConfigurationIsVisible = 0;
			defaultConfigurationName = Release;
		};
		A7657C1D1F3F245B00A6EF96 /* Build configuration list for PBXNativeTarget "StickyNotes" */ = {
			isa = XCConfigurationList;
			buildConfigurations = (
				A7657C1E1F3F245B00A6EF96 /* Debug */,
				A7657C1F1F3F245B00A6EF96 /* Release */,
			);
			defaultConfigurationIsVisible = 0;
			defaultConfigurationName = Release;
		};
/* End XCConfigurationList section */

/* Begin XCVersionGroup section */
		A75E02491F34953500FB1872 /* SlideOutAnimation.xcdatamodeld */ = {
			isa = XCVersionGroup;
			children = (
				A75E024A1F34953500FB1872 /* SlideOutAnimation.xcdatamodel */,
			);
			currentVersion = A75E024A1F34953500FB1872 /* SlideOutAnimation.xcdatamodel */;
			path = SlideOutAnimation.xcdatamodeld;
			sourceTree = "<group>";
			versionGroupType = wrapper.xcdatamodel;
		};
/* End XCVersionGroup section */
	};
	rootObject = A75E02371F34953400FB1872 /* Project object */;
}
